
Microsoft Visual Studio Solution File, Format Version 12.00
# Visual Studio 15
VisualStudioVersion = 15.0.26228.9
MinimumVisualStudioVersion = 10.0.40219.1
Project("{2150E333-8FDC-42A3-9474-1A3956D46DE8}") = "DomianService", "DomianService", "{2BA7910F-E682-49A3-A1FE-410922BF8366}"
EndProject
Project("{2150E333-8FDC-42A3-9474-1A3956D46DE8}") = "Interface", "Interface", "{430459C4-235B-4947-B5F8-222A680C232C}"
EndProject
Project("{2150E333-8FDC-42A3-9474-1A3956D46DE8}") = "Host", "Host", "{FF0A53D2-9CE9-4EB0-8945-61C601E2FF9C}"
EndProject
Project("{FAE04EC0-301F-11D3-BF4B-00C04F79EFBC}") = "Eagles.DomainService.Core", "Src\DomainService\Core\Eagles.DomainService.Core.csproj", "{19A46959-BCC7-40DE-A9AB-AB40160920E4}"
EndProject
Project("{FAE04EC0-301F-11D3-BF4B-00C04F79EFBC}") = "Eagles.Interface.Core", "Src\Interface\Core\Eagles.Interface.Core.csproj", "{2A747E03-D095-4B54-AE55-976576A82886}"
EndProject
Project("{FAE04EC0-301F-11D3-BF4B-00C04F79EFBC}") = "Eagles.Application.Model", "Src\Host\Model\Eagles.Application.Model.csproj", "{3DE06D44-2860-4A92-9FDD-1529093CC970}"
EndProject
Project("{2150E333-8FDC-42A3-9474-1A3956D46DE8}") = "Base", "Base", "{4F83AB89-2BD5-4971-9649-C3ED006378B3}"
EndProject
Project("{FAE04EC0-301F-11D3-BF4B-00C04F79EFBC}") = "Eagles.Base", "Src\Base\Eagles.Base.csproj", "{403FAB37-72EF-4BAD-B749-05E494DC4B5B}"
EndProject
Project("{FAE04EC0-301F-11D3-BF4B-00C04F79EFBC}") = "Eagles.DomainService.Model", "Src\DomainService\Model\Eagles.DomainService.Model.csproj", "{843F8547-B8A7-4FB7-8B57-27937BC3CBEE}"
EndProject
Project("{FAE04EC0-301F-11D3-BF4B-00C04F79EFBC}") = "Eagles.Interface.Configuration", "Src\Interface\Configuration\Eagles.Interface.Configuration.csproj", "{F08E21B3-E00F-4A9C-99BA-C69458F4617D}"
EndProject
Project("{FAE04EC0-301F-11D3-BF4B-00C04F79EFBC}") = "Ealges.DomainService.Configuration", "Src\DomainService\Configuration\Ealges.DomainService.Configuration.csproj", "{68625192-1850-4947-A87D-A1D2FEEB99CE}"
EndProject
Project("{FAE04EC0-301F-11D3-BF4B-00C04F79EFBC}") = "Eagles.Interface.DataAccess", "Src\Interface\DataAccess\Eagles.Interface.DataAccess.csproj", "{2CDEB506-579C-4739-8D2F-F69360BB50C8}"
EndProject
Project("{FAE04EC0-301F-11D3-BF4B-00C04F79EFBC}") = "Ealges.DomianService.DataAccess", "Src\DomainService\DataAccess\Ealges.DomianService.DataAccess.csproj", "{5AE3FAB8-5BFD-46A7-B1E7-A9765975CCDC}"
EndProject
Project("{FAE04EC0-301F-11D3-BF4B-00C04F79EFBC}") = "Eagles.Application.Host", "Src\Host\Eagles.Application.Host\Eagles.Application.Host.csproj", "{FEA4774E-5181-4075-8EBD-11B5756EC0F4}"
EndProject
Global
	GlobalSection(SolutionConfigurationPlatforms) = preSolution
		Debug|Any CPU = Debug|Any CPU
		Release|Any CPU = Release|Any CPU
	EndGlobalSection
	GlobalSection(ProjectConfigurationPlatforms) = postSolution
		{19A46959-BCC7-40DE-A9AB-AB40160920E4}.Debug|Any CPU.ActiveCfg = Debug|Any CPU
		{19A46959-BCC7-40DE-A9AB-AB40160920E4}.Debug|Any CPU.Build.0 = Debug|Any CPU
		{19A46959-BCC7-40DE-A9AB-AB40160920E4}.Release|Any CPU.ActiveCfg = Release|Any CPU
		{19A46959-BCC7-40DE-A9AB-AB40160920E4}.Release|Any CPU.Build.0 = Release|Any CPU
		{2A747E03-D095-4B54-AE55-976576A82886}.Debug|Any CPU.ActiveCfg = Debug|Any CPU
		{2A747E03-D095-4B54-AE55-976576A82886}.Debug|Any CPU.Build.0 = Debug|Any CPU
		{2A747E03-D095-4B54-AE55-976576A82886}.Release|Any CPU.ActiveCfg = Release|Any CPU
		{2A747E03-D095-4B54-AE55-976576A82886}.Release|Any CPU.Build.0 = Release|Any CPU
		{3DE06D44-2860-4A92-9FDD-1529093CC970}.Debug|Any CPU.ActiveCfg = Debug|Any CPU
		{3DE06D44-2860-4A92-9FDD-1529093CC970}.Debug|Any CPU.Build.0 = Debug|Any CPU
		{3DE06D44-2860-4A92-9FDD-1529093CC970}.Release|Any CPU.ActiveCfg = Release|Any CPU
		{3DE06D44-2860-4A92-9FDD-1529093CC970}.Release|Any CPU.Build.0 = Release|Any CPU
		{403FAB37-72EF-4BAD-B749-05E494DC4B5B}.Debug|Any CPU.ActiveCfg = Debug|Any CPU
		{403FAB37-72EF-4BAD-B749-05E494DC4B5B}.Debug|Any CPU.Build.0 = Debug|Any CPU
		{403FAB37-72EF-4BAD-B749-05E494DC4B5B}.Release|Any CPU.ActiveCfg = Release|Any CPU
		{403FAB37-72EF-4BAD-B749-05E494DC4B5B}.Release|Any CPU.Build.0 = Release|Any CPU
		{843F8547-B8A7-4FB7-8B57-27937BC3CBEE}.Debug|Any CPU.ActiveCfg = Debug|Any CPU
		{843F8547-B8A7-4FB7-8B57-27937BC3CBEE}.Debug|Any CPU.Build.0 = Debug|Any CPU
		{843F8547-B8A7-4FB7-8B57-27937BC3CBEE}.Release|Any CPU.ActiveCfg = Release|Any CPU
		{843F8547-B8A7-4FB7-8B57-27937BC3CBEE}.Release|Any CPU.Build.0 = Release|Any CPU
		{F08E21B3-E00F-4A9C-99BA-C69458F4617D}.Debug|Any CPU.ActiveCfg = Debug|Any CPU
		{F08E21B3-E00F-4A9C-99BA-C69458F4617D}.Debug|Any CPU.Build.0 = Debug|Any CPU
		{F08E21B3-E00F-4A9C-99BA-C69458F4617D}.Release|Any CPU.ActiveCfg = Release|Any CPU
		{F08E21B3-E00F-4A9C-99BA-C69458F4617D}.Release|Any CPU.Build.0 = Release|Any CPU
		{68625192-1850-4947-A87D-A1D2FEEB99CE}.Debug|Any CPU.ActiveCfg = Debug|Any CPU
		{68625192-1850-4947-A87D-A1D2FEEB99CE}.Debug|Any CPU.Build.0 = Debug|Any CPU
		{68625192-1850-4947-A87D-A1D2FEEB99CE}.Release|Any CPU.ActiveCfg = Release|Any CPU
		{68625192-1850-4947-A87D-A1D2FEEB99CE}.Release|Any CPU.Build.0 = Release|Any CPU
		{2CDEB506-579C-4739-8D2F-F69360BB50C8}.Debug|Any CPU.ActiveCfg = Debug|Any CPU
		{2CDEB506-579C-4739-8D2F-F69360BB50C8}.Debug|Any CPU.Build.0 = Debug|Any CPU
		{2CDEB506-579C-4739-8D2F-F69360BB50C8}.Release|Any CPU.ActiveCfg = Release|Any CPU
		{2CDEB506-579C-4739-8D2F-F69360BB50C8}.Release|Any CPU.Build.0 = Release|Any CPU
		{5AE3FAB8-5BFD-46A7-B1E7-A9765975CCDC}.Debug|Any CPU.ActiveCfg = Debug|Any CPU
		{5AE3FAB8-5BFD-46A7-B1E7-A9765975CCDC}.Debug|Any CPU.Build.0 = Debug|Any CPU
		{5AE3FAB8-5BFD-46A7-B1E7-A9765975CCDC}.Release|Any CPU.ActiveCfg = Release|Any CPU
		{5AE3FAB8-5BFD-46A7-B1E7-A9765975CCDC}.Release|Any CPU.Build.0 = Release|Any CPU
		{FEA4774E-5181-4075-8EBD-11B5756EC0F4}.Debug|Any CPU.ActiveCfg = Debug|Any CPU
		{FEA4774E-5181-4075-8EBD-11B5756EC0F4}.Debug|Any CPU.Build.0 = Debug|Any CPU
		{FEA4774E-5181-4075-8EBD-11B5756EC0F4}.Release|Any CPU.ActiveCfg = Release|Any CPU
		{FEA4774E-5181-4075-8EBD-11B5756EC0F4}.Release|Any CPU.Build.0 = Release|Any CPU
	EndGlobalSection
	GlobalSection(SolutionProperties) = preSolution
		HideSolutionNode = FALSE
	EndGlobalSection
	GlobalSection(NestedProjects) = preSolution
		{19A46959-BCC7-40DE-A9AB-AB40160920E4} = {2BA7910F-E682-49A3-A1FE-410922BF8366}
		{2A747E03-D095-4B54-AE55-976576A82886} = {430459C4-235B-4947-B5F8-222A680C232C}
		{3DE06D44-2860-4A92-9FDD-1529093CC970} = {FF0A53D2-9CE9-4EB0-8945-61C601E2FF9C}
		{403FAB37-72EF-4BAD-B749-05E494DC4B5B} = {4F83AB89-2BD5-4971-9649-C3ED006378B3}
		{843F8547-B8A7-4FB7-8B57-27937BC3CBEE} = {2BA7910F-E682-49A3-A1FE-410922BF8366}
		{F08E21B3-E00F-4A9C-99BA-C69458F4617D} = {430459C4-235B-4947-B5F8-222A680C232C}
		{68625192-1850-4947-A87D-A1D2FEEB99CE} = {2BA7910F-E682-49A3-A1FE-410922BF8366}
		{2CDEB506-579C-4739-8D2F-F69360BB50C8} = {430459C4-235B-4947-B5F8-222A680C232C}
		{5AE3FAB8-5BFD-46A7-B1E7-A9765975CCDC} = {2BA7910F-E682-49A3-A1FE-410922BF8366}
		{FEA4774E-5181-4075-8EBD-11B5756EC0F4} = {FF0A53D2-9CE9-4EB0-8945-61C601E2FF9C}
	EndGlobalSection
	GlobalSection(ExtensibilityGlobals) = postSolution
		SolutionGuid = {DD0029D0-8432-4E71-A2DA-69064098ED08}
	EndGlobalSection
EndGlobal
